dependencies:
- name: etcd
  repository: oci://registry-1.docker.io/bitnamicharts
  version: 9.0.5
- name: coredns
  repository: https://coredns.github.io/helm
  version: 1.24.1
digest: sha256:fcb87ed2d8658f4bbb2b00eb3fb7b19547c9cbca74e94709d95fc08755f93c39
generated: "2023-07-15T13:07:56.152191236Z"
