dependencies:
- name: etcd
  repository: oci://registry-1.docker.io/bitnamicharts
  version: 9.2.0
- name: coredns
  repository: https://coredns.github.io/helm
  version: 1.24.5
digest: sha256:e00600caa13cb11cabf86d86a75b7aeea04478e5fca3ec9b7c4651bffecc586a
generated: "2023-08-10T08:35:30.032898899Z"
